
Microsoft Visual Studio Solution File, Format Version 12.00
# Visual Studio 15
VisualStudioVersion = 15.0.28307.102
MinimumVisualStudioVersion = 10.0.40219.1
Project("{FAE04EC0-301F-11D3-BF4B-00C04F79EFBC}") = "Computador", "WindowsFormsApp1\Computador.csproj", "{A8954DDC-1405-4EC6-99C8-A561D820F9A2}"
EndProject
Global
	GlobalSection(SolutionConfigurationPlatforms) = preSolution
		Debug|Any CPU = Debug|Any CPU
		Release|Any CPU = Release|Any CPU
	EndGlobalSection
	GlobalSection(ProjectConfigurationPlatforms) = postSolution
		{A8954DDC-1405-4EC6-99C8-A561D820F9A2}.Debug|Any CPU.ActiveCfg = Debug|Any CPU
		{A8954DDC-1405-4EC6-99C8-A561D820F9A2}.Debug|Any CPU.Build.0 = Debug|Any CPU
		{A8954DDC-1405-4EC6-99C8-A561D820F9A2}.Release|Any CPU.ActiveCfg = Release|Any CPU
		{A8954DDC-1405-4EC6-99C8-A561D820F9A2}.Release|Any CPU.Build.0 = Release|Any CPU
	EndGlobalSection
	GlobalSection(SolutionProperties) = preSolution
		HideSolutionNode = FALSE
	EndGlobalSection
	GlobalSection(ExtensibilityGlobals) = postSolution
		SolutionGuid = {6FFF4513-3170-4603-A2EE-B6EFE46D6D4C}
	EndGlobalSection
EndGlobal
